
Microsoft Visual Studio Solution File, Format Version 12.00
# Visual Studio Version 17
VisualStudioVersion = 17.1.32210.238
MinimumVisualStudioVersion = 10.0.40219.1
Project("{FAE04EC0-301F-11D3-BF4B-00C04F79EFBC}") = "03.01.array", "03.01.array\03.01.array.csproj", "{B02BD24B-5095-4FC2-AD65-6874DA13F37B}"
EndProject
Project("{FAE04EC0-301F-11D3-BF4B-00C04F79EFBC}") = "03.02.array", "03.02.array\03.02.array.csproj", "{B7A5ACE7-0150-4AC1-92AE-E93894EDAAFC}"
EndProject
Project("{FAE04EC0-301F-11D3-BF4B-00C04F79EFBC}") = "03.03.arrays", "03.03.arrays\03.03.arrays.csproj", "{3B134E11-3340-42B3-AC6A-8AD0E4039C93}"
EndProject
Project("{FAE04EC0-301F-11D3-BF4B-00C04F79EFBC}") = "03.04.arrays", "03.04.arrays\03.04.arrays.csproj", "{44524829-956A-426F-826A-028847AD2C58}"
EndProject
Project("{FAE04EC0-301F-11D3-BF4B-00C04F79EFBC}") = "03.05.arrays", "03.05.arrays\03.05.arrays.csproj", "{1AFF1B55-9C46-4EDF-8110-C017267F6805}"
EndProject
Project("{FAE04EC0-301F-11D3-BF4B-00C04F79EFBC}") = "03.06.arrays", "03.06.arrays\03.06.arrays.csproj", "{131FE66B-D8A2-44CF-AC05-246356164C8E}"
EndProject
Project("{FAE04EC0-301F-11D3-BF4B-00C04F79EFBC}") = "03.07.array", "03.07.array\03.07.array.csproj", "{7A8AE0D3-7EB6-46A5-A0B7-288FC61A8BCE}"
EndProject
Project("{FAE04EC0-301F-11D3-BF4B-00C04F79EFBC}") = "03.08.arrays", "03.08.arrays\03.08.arrays.csproj", "{68BD8DB9-D0C4-4E79-91F1-A5835D191989}"
EndProject
Project("{FAE04EC0-301F-11D3-BF4B-00C04F79EFBC}") = "03.09.array", "03.09.array\03.09.array.csproj", "{2A509CF8-B9B9-434D-8789-4FE4BD50E6E6}"
EndProject
Project("{FAE04EC0-301F-11D3-BF4B-00C04F79EFBC}") = "02.01.Strings", "02.01.Strings\02.01.Strings.csproj", "{C04519C4-32D7-4074-B603-218A2E2E4B9C}"
EndProject
Project("{FAE04EC0-301F-11D3-BF4B-00C04F79EFBC}") = "01.01.Fundmentals", "01.01.Fundmentals\01.01.Fundmentals.csproj", "{712288D9-07DC-4A99-AC3D-325528B109FA}"
EndProject
Project("{FAE04EC0-301F-11D3-BF4B-00C04F79EFBC}") = "01.02.Fundmentals", "01.02.Fundmentals\01.02.Fundmentals.csproj", "{9503BDBC-3FE7-41CE-8EC7-169B801C79D1}"
EndProject
Project("{FAE04EC0-301F-11D3-BF4B-00C04F79EFBC}") = "01.03.Fundmentals", "01.03.Fundmentals\01.03.Fundmentals.csproj", "{8F29B479-D62E-44B3-BB06-D8464F5400CA}"
EndProject
Project("{FAE04EC0-301F-11D3-BF4B-00C04F79EFBC}") = "01.04.Fundmentals", "01.04.Fundmentals\01.04.Fundmentals.csproj", "{71430DE6-0DE3-4F06-847C-4CCCF7CE1898}"
EndProject
Project("{FAE04EC0-301F-11D3-BF4B-00C04F79EFBC}") = "01.05.Fundmentals", "01.05.Fundmentals\01.05.Fundmentals.csproj", "{FF0ED00E-4B32-4571-8296-781EEA6F0C09}"
EndProject
Project("{FAE04EC0-301F-11D3-BF4B-00C04F79EFBC}") = "01.06.Fundmentals", "01.06.Fundmentals\01.06.Fundmentals.csproj", "{7D1C6B87-C441-4898-8FF1-0BFF4592F4EA}"
EndProject
Project("{FAE04EC0-301F-11D3-BF4B-00C04F79EFBC}") = "01.07.Fundmentals", "01.07.Fundmentals\01.07.Fundmentals.csproj", "{82EDE2E5-32C0-4044-8205-08AE4A3A4725}"
EndProject
Project("{FAE04EC0-301F-11D3-BF4B-00C04F79EFBC}") = "01.08.Fundmentals", "01.08.Fundmentals\01.08.Fundmentals.csproj", "{62F0439F-6A29-451A-A35D-93D7A506A5FB}"
EndProject
Project("{FAE04EC0-301F-11D3-BF4B-00C04F79EFBC}") = "01.09.Fundmentals", "01.09.Fundmentals\01.09.Fundmentals.csproj", "{50B3205D-DD37-445E-9A36-E3A8C4F719E1}"
EndProject
Project("{FAE04EC0-301F-11D3-BF4B-00C04F79EFBC}") = "01.10.Fundmentals", "01.10.Fundmentals\01.10.Fundmentals.csproj", "{9A827520-7613-4093-B32F-1C2A52348C56}"
EndProject
Project("{FAE04EC0-301F-11D3-BF4B-00C04F79EFBC}") = "03.10.array", "03.10.array\03.10.array.csproj", "{0B3D5DEA-607F-4853-A0DB-0D47CAC7F5A0}"
EndProject
Project("{FAE04EC0-301F-11D3-BF4B-00C04F79EFBC}") = "03.11.12.13.arrays", "03.11.12.13.arrays\03.11.12.13.arrays.csproj", "{0F8253FB-4CC5-4170-9233-D685D6596574}"
EndProject
Project("{FAE04EC0-301F-11D3-BF4B-00C04F79EFBC}") = "03.14.arrays", "03.14.arrays\03.14.arrays.csproj", "{18C4F358-7E78-422B-8900-241B646FA6D6}"
EndProject
Project("{FAE04EC0-301F-11D3-BF4B-00C04F79EFBC}") = "03.15.arrays", "03.15.arrays\03.15.arrays.csproj", "{95735535-9CCD-4090-9ABF-7135C317C5A1}"
EndProject
Global
	GlobalSection(SolutionConfigurationPlatforms) = preSolution
		Debug|Any CPU = Debug|Any CPU
		Release|Any CPU = Release|Any CPU
	EndGlobalSection
	GlobalSection(ProjectConfigurationPlatforms) = postSolution
		{B02BD24B-5095-4FC2-AD65-6874DA13F37B}.Debug|Any CPU.ActiveCfg = Debug|Any CPU
		{B02BD24B-5095-4FC2-AD65-6874DA13F37B}.Debug|Any CPU.Build.0 = Debug|Any CPU
		{B02BD24B-5095-4FC2-AD65-6874DA13F37B}.Release|Any CPU.ActiveCfg = Release|Any CPU
		{B02BD24B-5095-4FC2-AD65-6874DA13F37B}.Release|Any CPU.Build.0 = Release|Any CPU
		{B7A5ACE7-0150-4AC1-92AE-E93894EDAAFC}.Debug|Any CPU.ActiveCfg = Debug|Any CPU
		{B7A5ACE7-0150-4AC1-92AE-E93894EDAAFC}.Debug|Any CPU.Build.0 = Debug|Any CPU
		{B7A5ACE7-0150-4AC1-92AE-E93894EDAAFC}.Release|Any CPU.ActiveCfg = Release|Any CPU
		{B7A5ACE7-0150-4AC1-92AE-E93894EDAAFC}.Release|Any CPU.Build.0 = Release|Any CPU
		{3B134E11-3340-42B3-AC6A-8AD0E4039C93}.Debug|Any CPU.ActiveCfg = Debug|Any CPU
		{3B134E11-3340-42B3-AC6A-8AD0E4039C93}.Debug|Any CPU.Build.0 = Debug|Any CPU
		{3B134E11-3340-42B3-AC6A-8AD0E4039C93}.Release|Any CPU.ActiveCfg = Release|Any CPU
		{3B134E11-3340-42B3-AC6A-8AD0E4039C93}.Release|Any CPU.Build.0 = Release|Any CPU
		{44524829-956A-426F-826A-028847AD2C58}.Debug|Any CPU.ActiveCfg = Debug|Any CPU
		{44524829-956A-426F-826A-028847AD2C58}.Debug|Any CPU.Build.0 = Debug|Any CPU
		{44524829-956A-426F-826A-028847AD2C58}.Release|Any CPU.ActiveCfg = Release|Any CPU
		{44524829-956A-426F-826A-028847AD2C58}.Release|Any CPU.Build.0 = Release|Any CPU
		{1AFF1B55-9C46-4EDF-8110-C017267F6805}.Debug|Any CPU.ActiveCfg = Debug|Any CPU
		{1AFF1B55-9C46-4EDF-8110-C017267F6805}.Debug|Any CPU.Build.0 = Debug|Any CPU
		{1AFF1B55-9C46-4EDF-8110-C017267F6805}.Release|Any CPU.ActiveCfg = Release|Any CPU
		{1AFF1B55-9C46-4EDF-8110-C017267F6805}.Release|Any CPU.Build.0 = Release|Any CPU
		{131FE66B-D8A2-44CF-AC05-246356164C8E}.Debug|Any CPU.ActiveCfg = Debug|Any CPU
		{131FE66B-D8A2-44CF-AC05-246356164C8E}.Debug|Any CPU.Build.0 = Debug|Any CPU
		{131FE66B-D8A2-44CF-AC05-246356164C8E}.Release|Any CPU.ActiveCfg = Release|Any CPU
		{131FE66B-D8A2-44CF-AC05-246356164C8E}.Release|Any CPU.Build.0 = Release|Any CPU
		{7A8AE0D3-7EB6-46A5-A0B7-288FC61A8BCE}.Debug|Any CPU.ActiveCfg = Debug|Any CPU
		{7A8AE0D3-7EB6-46A5-A0B7-288FC61A8BCE}.Debug|Any CPU.Build.0 = Debug|Any CPU
		{7A8AE0D3-7EB6-46A5-A0B7-288FC61A8BCE}.Release|Any CPU.ActiveCfg = Release|Any CPU
		{7A8AE0D3-7EB6-46A5-A0B7-288FC61A8BCE}.Release|Any CPU.Build.0 = Release|Any CPU
		{68BD8DB9-D0C4-4E79-91F1-A5835D191989}.Debug|Any CPU.ActiveCfg = Debug|Any CPU
		{68BD8DB9-D0C4-4E79-91F1-A5835D191989}.Debug|Any CPU.Build.0 = Debug|Any CPU
		{68BD8DB9-D0C4-4E79-91F1-A5835D191989}.Release|Any CPU.ActiveCfg = Release|Any CPU
		{68BD8DB9-D0C4-4E79-91F1-A5835D191989}.Release|Any CPU.Build.0 = Release|Any CPU
		{2A509CF8-B9B9-434D-8789-4FE4BD50E6E6}.Debug|Any CPU.ActiveCfg = Debug|Any CPU
		{2A509CF8-B9B9-434D-8789-4FE4BD50E6E6}.Debug|Any CPU.Build.0 = Debug|Any CPU
		{2A509CF8-B9B9-434D-8789-4FE4BD50E6E6}.Release|Any CPU.ActiveCfg = Release|Any CPU
		{2A509CF8-B9B9-434D-8789-4FE4BD50E6E6}.Release|Any CPU.Build.0 = Release|Any CPU
		{C04519C4-32D7-4074-B603-218A2E2E4B9C}.Debug|Any CPU.ActiveCfg = Debug|Any CPU
		{C04519C4-32D7-4074-B603-218A2E2E4B9C}.Debug|Any CPU.Build.0 = Debug|Any CPU
		{C04519C4-32D7-4074-B603-218A2E2E4B9C}.Release|Any CPU.ActiveCfg = Release|Any CPU
		{C04519C4-32D7-4074-B603-218A2E2E4B9C}.Release|Any CPU.Build.0 = Release|Any CPU
		{712288D9-07DC-4A99-AC3D-325528B109FA}.Debug|Any CPU.ActiveCfg = Debug|Any CPU
		{712288D9-07DC-4A99-AC3D-325528B109FA}.Debug|Any CPU.Build.0 = Debug|Any CPU
		{712288D9-07DC-4A99-AC3D-325528B109FA}.Release|Any CPU.ActiveCfg = Release|Any CPU
		{712288D9-07DC-4A99-AC3D-325528B109FA}.Release|Any CPU.Build.0 = Release|Any CPU
		{9503BDBC-3FE7-41CE-8EC7-169B801C79D1}.Debug|Any CPU.ActiveCfg = Debug|Any CPU
		{9503BDBC-3FE7-41CE-8EC7-169B801C79D1}.Debug|Any CPU.Build.0 = Debug|Any CPU
		{9503BDBC-3FE7-41CE-8EC7-169B801C79D1}.Release|Any CPU.ActiveCfg = Release|Any CPU
		{9503BDBC-3FE7-41CE-8EC7-169B801C79D1}.Release|Any CPU.Build.0 = Release|Any CPU
		{8F29B479-D62E-44B3-BB06-D8464F5400CA}.Debug|Any CPU.ActiveCfg = Debug|Any CPU
		{8F29B479-D62E-44B3-BB06-D8464F5400CA}.Debug|Any CPU.Build.0 = Debug|Any CPU
		{8F29B479-D62E-44B3-BB06-D8464F5400CA}.Release|Any CPU.ActiveCfg = Release|Any CPU
		{8F29B479-D62E-44B3-BB06-D8464F5400CA}.Release|Any CPU.Build.0 = Release|Any CPU
		{71430DE6-0DE3-4F06-847C-4CCCF7CE1898}.Debug|Any CPU.ActiveCfg = Debug|Any CPU
		{71430DE6-0DE3-4F06-847C-4CCCF7CE1898}.Debug|Any CPU.Build.0 = Debug|Any CPU
		{71430DE6-0DE3-4F06-847C-4CCCF7CE1898}.Release|Any CPU.ActiveCfg = Release|Any CPU
		{71430DE6-0DE3-4F06-847C-4CCCF7CE1898}.Release|Any CPU.Build.0 = Release|Any CPU
		{FF0ED00E-4B32-4571-8296-781EEA6F0C09}.Debug|Any CPU.ActiveCfg = Debug|Any CPU
		{FF0ED00E-4B32-4571-8296-781EEA6F0C09}.Debug|Any CPU.Build.0 = Debug|Any CPU
		{FF0ED00E-4B32-4571-8296-781EEA6F0C09}.Release|Any CPU.ActiveCfg = Release|Any CPU
		{FF0ED00E-4B32-4571-8296-781EEA6F0C09}.Release|Any CPU.Build.0 = Release|Any CPU
		{7D1C6B87-C441-4898-8FF1-0BFF4592F4EA}.Debug|Any CPU.ActiveCfg = Debug|Any CPU
		{7D1C6B87-C441-4898-8FF1-0BFF4592F4EA}.Debug|Any CPU.Build.0 = Debug|Any CPU
		{7D1C6B87-C441-4898-8FF1-0BFF4592F4EA}.Release|Any CPU.ActiveCfg = Release|Any CPU
		{7D1C6B87-C441-4898-8FF1-0BFF4592F4EA}.Release|Any CPU.Build.0 = Release|Any CPU
		{82EDE2E5-32C0-4044-8205-08AE4A3A4725}.Debug|Any CPU.ActiveCfg = Debug|Any CPU
		{82EDE2E5-32C0-4044-8205-08AE4A3A4725}.Debug|Any CPU.Build.0 = Debug|Any CPU
		{82EDE2E5-32C0-4044-8205-08AE4A3A4725}.Release|Any CPU.ActiveCfg = Release|Any CPU
		{82EDE2E5-32C0-4044-8205-08AE4A3A4725}.Release|Any CPU.Build.0 = Release|Any CPU
		{62F0439F-6A29-451A-A35D-93D7A506A5FB}.Debug|Any CPU.ActiveCfg = Debug|Any CPU
		{62F0439F-6A29-451A-A35D-93D7A506A5FB}.Debug|Any CPU.Build.0 = Debug|Any CPU
		{62F0439F-6A29-451A-A35D-93D7A506A5FB}.Release|Any CPU.ActiveCfg = Release|Any CPU
		{62F0439F-6A29-451A-A35D-93D7A506A5FB}.Release|Any CPU.Build.0 = Release|Any CPU
		{50B3205D-DD37-445E-9A36-E3A8C4F719E1}.Debug|Any CPU.ActiveCfg = Debug|Any CPU
		{50B3205D-DD37-445E-9A36-E3A8C4F719E1}.Debug|Any CPU.Build.0 = Debug|Any CPU
		{50B3205D-DD37-445E-9A36-E3A8C4F719E1}.Release|Any CPU.ActiveCfg = Release|Any CPU
		{50B3205D-DD37-445E-9A36-E3A8C4F719E1}.Release|Any CPU.Build.0 = Release|Any CPU
		{9A827520-7613-4093-B32F-1C2A52348C56}.Debug|Any CPU.ActiveCfg = Debug|Any CPU
		{9A827520-7613-4093-B32F-1C2A52348C56}.Debug|Any CPU.Build.0 = Debug|Any CPU
		{9A827520-7613-4093-B32F-1C2A52348C56}.Release|Any CPU.ActiveCfg = Release|Any CPU
		{9A827520-7613-4093-B32F-1C2A52348C56}.Release|Any CPU.Build.0 = Release|Any CPU
		{0B3D5DEA-607F-4853-A0DB-0D47CAC7F5A0}.Debug|Any CPU.ActiveCfg = Debug|Any CPU
		{0B3D5DEA-607F-4853-A0DB-0D47CAC7F5A0}.Debug|Any CPU.Build.0 = Debug|Any CPU
		{0B3D5DEA-607F-4853-A0DB-0D47CAC7F5A0}.Release|Any CPU.ActiveCfg = Release|Any CPU
		{0B3D5DEA-607F-4853-A0DB-0D47CAC7F5A0}.Release|Any CPU.Build.0 = Release|Any CPU
		{0F8253FB-4CC5-4170-9233-D685D6596574}.Debug|Any CPU.ActiveCfg = Debug|Any CPU
		{0F8253FB-4CC5-4170-9233-D685D6596574}.Debug|Any CPU.Build.0 = Debug|Any CPU
		{0F8253FB-4CC5-4170-9233-D685D6596574}.Release|Any CPU.ActiveCfg = Release|Any CPU
		{0F8253FB-4CC5-4170-9233-D685D6596574}.Release|Any CPU.Build.0 = Release|Any CPU
		{18C4F358-7E78-422B-8900-241B646FA6D6}.Debug|Any CPU.ActiveCfg = Debug|Any CPU
		{18C4F358-7E78-422B-8900-241B646FA6D6}.Debug|Any CPU.Build.0 = Debug|Any CPU
		{18C4F358-7E78-422B-8900-241B646FA6D6}.Release|Any CPU.ActiveCfg = Release|Any CPU
		{18C4F358-7E78-422B-8900-241B646FA6D6}.Release|Any CPU.Build.0 = Release|Any CPU
		{95735535-9CCD-4090-9ABF-7135C317C5A1}.Debug|Any CPU.ActiveCfg = Debug|Any CPU
		{95735535-9CCD-4090-9ABF-7135C317C5A1}.Debug|Any CPU.Build.0 = Debug|Any CPU
		{95735535-9CCD-4090-9ABF-7135C317C5A1}.Release|Any CPU.ActiveCfg = Release|Any CPU
		{95735535-9CCD-4090-9ABF-7135C317C5A1}.Release|Any CPU.Build.0 = Release|Any CPU
	EndGlobalSection
	GlobalSection(SolutionProperties) = preSolution
		HideSolutionNode = FALSE
	EndGlobalSection
	GlobalSection(ExtensibilityGlobals) = postSolution
		SolutionGuid = {58DD20D0-2096-4E1C-9351-D1AC0331C7E0}
	EndGlobalSection
EndGlobal
